
Microsoft Visual Studio Solution File, Format Version 12.00
# Visual Studio Version 16
VisualStudioVersion = 16.0.29911.84
MinimumVisualStudioVersion = 10.0.40219.1
Project("{FAE04EC0-301F-11D3-BF4B-00C04F79EFBC}") = "CAI_EJERCICIO1", "CAI_EJERCICIO1\CAI_EJERCICIO1.csproj", "{B2F45969-4BD5-411B-8B58-F25A460178F8}"
EndProject
Global
	GlobalSection(SolutionConfigurationPlatforms) = preSolution
		Debug|Any CPU = Debug|Any CPU
		Release|Any CPU = Release|Any CPU
	EndGlobalSection
	GlobalSection(ProjectConfigurationPlatforms) = postSolution
		{B2F45969-4BD5-411B-8B58-F25A460178F8}.Debug|Any CPU.ActiveCfg = Debug|Any CPU
		{B2F45969-4BD5-411B-8B58-F25A460178F8}.Debug|Any CPU.Build.0 = Debug|Any CPU
		{B2F45969-4BD5-411B-8B58-F25A460178F8}.Release|Any CPU.ActiveCfg = Release|Any CPU
		{B2F45969-4BD5-411B-8B58-F25A460178F8}.Release|Any CPU.Build.0 = Release|Any CPU
	EndGlobalSection
	GlobalSection(SolutionProperties) = preSolution
		HideSolutionNode = FALSE
	EndGlobalSection
	GlobalSection(ExtensibilityGlobals) = postSolution
		SolutionGuid = {CFB95906-1989-4C64-B594-79F810E53225}
	EndGlobalSection
EndGlobal
